
Microsoft Visual Studio Solution File, Format Version 12.00
# Visual Studio Version 17
VisualStudioVersion = 17.4.33122.133
MinimumVisualStudioVersion = 10.0.40219.1
Project("{FAE04EC0-301F-11D3-BF4B-00C04F79EFBC}") = "BusExpress.PL", "BusExpress.PL\BusExpress.PL.csproj", "{435AA0A8-EED1-454A-9D0C-B89A4F3C4D30}"
EndProject
Project("{FAE04EC0-301F-11D3-BF4B-00C04F79EFBC}") = "BusExpress.DAL", "BusExpress.DAL\BusExpress.DAL.csproj", "{C4EC4049-B30B-4D5B-91E8-8EF937977FC2}"
EndProject
Project("{FAE04EC0-301F-11D3-BF4B-00C04F79EFBC}") = "BusExpress.BLL", "BusExpress.BLL\BusExpress.BLL.csproj", "{E0BC9721-BBFE-4A71-BF77-4E76914C01FF}"
EndProject
Global
	GlobalSection(SolutionConfigurationPlatforms) = preSolution
		Debug|Any CPU = Debug|Any CPU
		Release|Any CPU = Release|Any CPU
	EndGlobalSection
	GlobalSection(ProjectConfigurationPlatforms) = postSolution
		{435AA0A8-EED1-454A-9D0C-B89A4F3C4D30}.Debug|Any CPU.ActiveCfg = Debug|Any CPU
		{435AA0A8-EED1-454A-9D0C-B89A4F3C4D30}.Debug|Any CPU.Build.0 = Debug|Any CPU
		{435AA0A8-EED1-454A-9D0C-B89A4F3C4D30}.Release|Any CPU.ActiveCfg = Release|Any CPU
		{435AA0A8-EED1-454A-9D0C-B89A4F3C4D30}.Release|Any CPU.Build.0 = Release|Any CPU
		{C4EC4049-B30B-4D5B-91E8-8EF937977FC2}.Debug|Any CPU.ActiveCfg = Debug|Any CPU
		{C4EC4049-B30B-4D5B-91E8-8EF937977FC2}.Debug|Any CPU.Build.0 = Debug|Any CPU
		{C4EC4049-B30B-4D5B-91E8-8EF937977FC2}.Release|Any CPU.ActiveCfg = Release|Any CPU
		{C4EC4049-B30B-4D5B-91E8-8EF937977FC2}.Release|Any CPU.Build.0 = Release|Any CPU
		{E0BC9721-BBFE-4A71-BF77-4E76914C01FF}.Debug|Any CPU.ActiveCfg = Debug|Any CPU
		{E0BC9721-BBFE-4A71-BF77-4E76914C01FF}.Debug|Any CPU.Build.0 = Debug|Any CPU
		{E0BC9721-BBFE-4A71-BF77-4E76914C01FF}.Release|Any CPU.ActiveCfg = Release|Any CPU
		{E0BC9721-BBFE-4A71-BF77-4E76914C01FF}.Release|Any CPU.Build.0 = Release|Any CPU
	EndGlobalSection
	GlobalSection(SolutionProperties) = preSolution
		HideSolutionNode = FALSE
	EndGlobalSection
	GlobalSection(ExtensibilityGlobals) = postSolution
		SolutionGuid = {6328D7B5-6EE7-4357-9E86-B663F90E9218}
	EndGlobalSection
EndGlobal
